
Microsoft Visual Studio Solution File, Format Version 12.00
# Visual Studio Version 17
VisualStudioVersion = 17.14.36518.9 d17.14
MinimumVisualStudioVersion = 10.0.40219.1
Project("{FAE04EC0-301F-11D3-BF4B-00C04F79EFBC}") = "Lab2", "Lab2\Lab2.csproj", "{52EED879-D9D3-42D6-BFBE-07D2F565F938}"
EndProject
Global
	GlobalSection(SolutionConfigurationPlatforms) = preSolution
		Debug|Any CPU = Debug|Any CPU
		Release|Any CPU = Release|Any CPU
	EndGlobalSection
	GlobalSection(ProjectConfigurationPlatforms) = postSolution
		{52EED879-D9D3-42D6-BFBE-07D2F565F938}.Debug|Any CPU.ActiveCfg = Debug|Any CPU
		{52EED879-D9D3-42D6-BFBE-07D2F565F938}.Debug|Any CPU.Build.0 = Debug|Any CPU
		{52EED879-D9D3-42D6-BFBE-07D2F565F938}.Release|Any CPU.ActiveCfg = Release|Any CPU
		{52EED879-D9D3-42D6-BFBE-07D2F565F938}.Release|Any CPU.Build.0 = Release|Any CPU
	EndGlobalSection
	GlobalSection(SolutionProperties) = preSolution
		HideSolutionNode = FALSE
	EndGlobalSection
	GlobalSection(ExtensibilityGlobals) = postSolution
		SolutionGuid = {29964F51-AE3A-4457-8623-781CF51351A9}
	EndGlobalSection
EndGlobal
